// !$*UTF8*$!
{
	archiveVersion = 1;
	classes = {
	};
	objectVersion = 56;
	objects = {

/* Begin PBXBuildFile section */
		CA180F7929F8D8BE002588AF /* Api.swift in Sources */ = {isa = PBXBuildFile; fileRef = CA180F7829F8D8BE002588AF /* Api.swift */; };
		CA180F7B29F8DD3B002588AF /* RootViewController.swift in Sources */ = {isa = PBXBuildFile; fileRef = CA180F7A29F8DD3B002588AF /* RootViewController.swift */; };
		CA2BD12F29EAE61F00CC9E5B /* Turbo in Frameworks */ = {isa = PBXBuildFile; productRef = CA2BD12E29EAE61F00CC9E5B /* Turbo */; };
		CA97453C29EAE52F00C193D2 /* AppDelegate.swift in Sources */ = {isa = PBXBuildFile; fileRef = CA97453B29EAE52F00C193D2 /* AppDelegate.swift */; };
		CA97453E29EAE52F00C193D2 /* SceneDelegate.swift in Sources */ = {isa = PBXBuildFile; fileRef = CA97453D29EAE52F00C193D2 /* SceneDelegate.swift */; };
		CA97454529EAE53000C193D2 /* Assets.xcassets in Resources */ = {isa = PBXBuildFile; fileRef = CA97454429EAE53000C193D2 /* Assets.xcassets */; };
		CA97454829EAE53000C193D2 /* LaunchScreen.storyboard in Resources */ = {isa = PBXBuildFile; fileRef = CA97454629EAE53000C193D2 /* LaunchScreen.storyboard */; };
		CA97455329EAE53100C193D2 /* PiazzaTests.swift in Sources */ = {isa = PBXBuildFile; fileRef = CA97455229EAE53100C193D2 /* PiazzaTests.swift */; };
		CA97455D29EAE53100C193D2 /* PiazzaUITests.swift in Sources */ = {isa = PBXBuildFile; fileRef = CA97455C29EAE53100C193D2 /* PiazzaUITests.swift */; };
		CA97455F29EAE53100C193D2 /* PiazzaUITestsLaunchTests.swift in Sources */ = {isa = PBXBuildFile; fileRef = CA97455E29EAE53100C193D2 /* PiazzaUITestsLaunchTests.swift */; };
		CA9F2F4729F8E4E900F2F331 /* Localizable.strings in Resources */ = {isa = PBXBuildFile; fileRef = CA9F2F4929F8E4E900F2F331 /* Localizable.strings */; };
		CA9F2F4B29F8E5D400F2F331 /* BaseNavigationController.swift in Sources */ = {isa = PBXBuildFile; fileRef = CA9F2F4A29F8E5D400F2F331 /* BaseNavigationController.swift */; };
		CA9F2F4D29F8E6D400F2F331 /* path_configuration.json in Resources */ = {isa = PBXBuildFile; fileRef = CA9F2F4C29F8E6D400F2F331 /* path_configuration.json */; };
		CA9F2F4F29F8E71C00F2F331 /* Global.swift in Sources */ = {isa = PBXBuildFile; fileRef = CA9F2F4E29F8E71C00F2F331 /* Global.swift */; };
		CA9F2F5329F8EA9C00F2F331 /* RoutingController.swift in Sources */ = {isa = PBXBuildFile; fileRef = CA9F2F5229F8EA9C00F2F331 /* RoutingController.swift */; };
		CA9F2F5729F8EBEA00F2F331 /* WebViewController.swift in Sources */ = {isa = PBXBuildFile; fileRef = CA9F2F5629F8EBEA00F2F331 /* WebViewController.swift */; };
		CA9F2F5B29FA1C9D00F2F331 /* ViewControllerVendor.swift in Sources */ = {isa = PBXBuildFile; fileRef = CA9F2F5A29FA1C9D00F2F331 /* ViewControllerVendor.swift */; };
		CA9F2F5D29FA382D00F2F331 /* PathDirectable.swift in Sources */ = {isa = PBXBuildFile; fileRef = CA9F2F5C29FA382D00F2F331 /* PathDirectable.swift */; };
/* End PBXBuildFile section */

/* Begin PBXContainerItemProxy section */
		CA97454F29EAE53100C193D2 /* PBXContainerItemProxy */ = {
			isa = PBXContainerItemProxy;
			containerPortal = CA97453029EAE52F00C193D2 /* Project object */;
			proxyType = 1;
			remoteGlobalIDString = CA97453729EAE52F00C193D2;
			remoteInfo = Piazza;
		};
		CA97455929EAE53100C193D2 /* PBXContainerItemProxy */ = {
			isa = PBXContainerItemProxy;
			containerPortal = CA97453029EAE52F00C193D2 /* Project object */;
			proxyType = 1;
			remoteGlobalIDString = CA97453729EAE52F00C193D2;
			remoteInfo = Piazza;
		};
/* End PBXContainerItemProxy section */

/* Begin PBXFileReference section */
		CA180F7829F8D8BE002588AF /* Api.swift */ = {isa = PBXFileReference; lastKnownFileType = sourcecode.swift; path = Api.swift; sourceTree = SOURCE_ROOT; };
		CA180F7A29F8DD3B002588AF /* RootViewController.swift */ = {isa = PBXFileReference; lastKnownFileType = sourcecode.swift; path = RootViewController.swift; sourceTree = SOURCE_ROOT; };
		CA97453829EAE52F00C193D2 /* Piazza.app */ = {isa = PBXFileReference; explicitFileType = wrapper.application; includeInIndex = 0; path = Piazza.app; sourceTree = BUILT_PRODUCTS_DIR; };
		CA97453B29EAE52F00C193D2 /* AppDelegate.swift */ = {isa = PBXFileReference; lastKnownFileType = sourcecode.swift; path = AppDelegate.swift; sourceTree = "<group>"; };
		CA97453D29EAE52F00C193D2 /* SceneDelegate.swift */ = {isa = PBXFileReference; lastKnownFileType = sourcecode.swift; path = SceneDelegate.swift; sourceTree = "<group>"; };
		CA97454429EAE53000C193D2 /* Assets.xcassets */ = {isa = PBXFileReference; lastKnownFileType = folder.assetcatalog; path = Assets.xcassets; sourceTree = "<group>"; };
		CA97454729EAE53000C193D2 /* Base */ = {isa = PBXFileReference; lastKnownFileType = file.storyboard; name = Base; path = Base.lproj/LaunchScreen.storyboard; sourceTree = "<group>"; };
		CA97454929EAE53000C193D2 /* Info.plist */ = {isa = PBXFileReference; lastKnownFileType = text.plist.xml; path = Info.plist; sourceTree = "<group>"; };
		CA97454E29EAE53100C193D2 /* PiazzaTests.xctest */ = {isa = PBXFileReference; explicitFileType = wrapper.cfbundle; includeInIndex = 0; path = PiazzaTests.xctest; sourceTree = BUILT_PRODUCTS_DIR; };
		CA97455229EAE53100C193D2 /* PiazzaTests.swift */ = {isa = PBXFileReference; lastKnownFileType = sourcecode.swift; path = PiazzaTests.swift; sourceTree = "<group>"; };
		CA97455829EAE53100C193D2 /* PiazzaUITests.xctest */ = {isa = PBXFileReference; explicitFileType = wrapper.cfbundle; includeInIndex = 0; path = PiazzaUITests.xctest; sourceTree = BUILT_PRODUCTS_DIR; };
		CA97455C29EAE53100C193D2 /* PiazzaUITests.swift */ = {isa = PBXFileReference; lastKnownFileType = sourcecode.swift; path = PiazzaUITests.swift; sourceTree = "<group>"; };
		CA97455E29EAE53100C193D2 /* PiazzaUITestsLaunchTests.swift */ = {isa = PBXFileReference; lastKnownFileType = sourcecode.swift; path = PiazzaUITestsLaunchTests.swift; sourceTree = "<group>"; };
		CA9F2F4829F8E4E900F2F331 /* en */ = {isa = PBXFileReference; lastKnownFileType = text.plist.strings; name = en; path = en.lproj/Localizable.strings; sourceTree = "<group>"; };
		CA9F2F4A29F8E5D400F2F331 /* BaseNavigationController.swift */ = {isa = PBXFileReference; lastKnownFileType = sourcecode.swift; path = BaseNavigationController.swift; sourceTree = "<group>"; };
		CA9F2F4C29F8E6D400F2F331 /* path_configuration.json */ = {isa = PBXFileReference; lastKnownFileType = text.json; path = path_configuration.json; sourceTree = "<group>"; };
		CA9F2F4E29F8E71C00F2F331 /* Global.swift */ = {isa = PBXFileReference; lastKnownFileType = sourcecode.swift; path = Global.swift; sourceTree = "<group>"; };
		CA9F2F5229F8EA9C00F2F331 /* RoutingController.swift */ = {isa = PBXFileReference; lastKnownFileType = sourcecode.swift; path = RoutingController.swift; sourceTree = "<group>"; };
		CA9F2F5629F8EBEA00F2F331 /* WebViewController.swift */ = {isa = PBXFileReference; lastKnownFileType = sourcecode.swift; path = WebViewController.swift; sourceTree = "<group>"; };
		CA9F2F5A29FA1C9D00F2F331 /* ViewControllerVendor.swift */ = {isa = PBXFileReference; lastKnownFileType = sourcecode.swift; path = ViewControllerVendor.swift; sourceTree = "<group>"; };
		CA9F2F5C29FA382D00F2F331 /* PathDirectable.swift */ = {isa = PBXFileReference; lastKnownFileType = sourcecode.swift; path = PathDirectable.swift; sourceTree = "<group>"; };
/* End PBXFileReference section */

/* Begin PBXFrameworksBuildPhase section */
		CA97453529EAE52F00C193D2 /* Frameworks */ = {
			isa = PBXFrameworksBuildPhase;
			buildActionMask = 2147483647;
			files = (
				CA2BD12F29EAE61F00CC9E5B /* Turbo in Frameworks */,
			);
			runOnlyForDeploymentPostprocessing = 0;
		};
		CA97454B29EAE53100C193D2 /* Frameworks */ = {
			isa = PBXFrameworksBuildPhase;
			buildActionMask = 2147483647;
			files = (
			);
			runOnlyForDeploymentPostprocessing = 0;
		};
		CA97455529EAE53100C193D2 /* Frameworks */ = {
			isa = PBXFrameworksBuildPhase;
			buildActionMask = 2147483647;
			files = (
			);
			runOnlyForDeploymentPostprocessing = 0;
		};
/* End PBXFrameworksBuildPhase section */

/* Begin PBXGroup section */
		CA97452F29EAE52F00C193D2 = {
			isa = PBXGroup;
			children = (
				CA9F2F4A29F8E5D400F2F331 /* BaseNavigationController.swift */,
				CA9F2F5629F8EBEA00F2F331 /* WebViewController.swift */,
				CA9F2F5A29FA1C9D00F2F331 /* ViewControllerVendor.swift */,
				CA9F2F5229F8EA9C00F2F331 /* RoutingController.swift */,
				CA9F2F5C29FA382D00F2F331 /* PathDirectable.swift */,
				CA9F2F4C29F8E6D400F2F331 /* path_configuration.json */,
				CA9F2F4E29F8E71C00F2F331 /* Global.swift */,
				CA9F2F4929F8E4E900F2F331 /* Localizable.strings */,
				CA97453A29EAE52F00C193D2 /* Piazza */,
				CA97455129EAE53100C193D2 /* PiazzaTests */,
				CA97455B29EAE53100C193D2 /* PiazzaUITests */,
				CA97453929EAE52F00C193D2 /* Products */,
			);
			sourceTree = "<group>";
		};
		CA97453929EAE52F00C193D2 /* Products */ = {
			isa = PBXGroup;
			children = (
				CA97453829EAE52F00C193D2 /* Piazza.app */,
				CA97454E29EAE53100C193D2 /* PiazzaTests.xctest */,
				CA97455829EAE53100C193D2 /* PiazzaUITests.xctest */,
			);
			name = Products;
			sourceTree = "<group>";
		};
		CA97453A29EAE52F00C193D2 /* Piazza */ = {
			isa = PBXGroup;
			children = (
				CA97453B29EAE52F00C193D2 /* AppDelegate.swift */,
				CA180F7829F8D8BE002588AF /* Api.swift */,
				CA180F7A29F8DD3B002588AF /* RootViewController.swift */,
				CA97453D29EAE52F00C193D2 /* SceneDelegate.swift */,
				CA97454429EAE53000C193D2 /* Assets.xcassets */,
				CA97454629EAE53000C193D2 /* LaunchScreen.storyboard */,
				CA97454929EAE53000C193D2 /* Info.plist */,
			);
			path = Piazza;
			sourceTree = "<group>";
		};
		CA97455129EAE53100C193D2 /* PiazzaTests */ = {
			isa = PBXGroup;
			children = (
				CA97455229EAE53100C193D2 /* PiazzaTests.swift */,
			);
			path = PiazzaTests;
			sourceTree = "<group>";
		};
		CA97455B29EAE53100C193D2 /* PiazzaUITests */ = {
			isa = PBXGroup;
			children = (
				CA97455C29EAE53100C193D2 /* PiazzaUITests.swift */,
				CA97455E29EAE53100C193D2 /* PiazzaUITestsLaunchTests.swift */,
			);
			path = PiazzaUITests;
			sourceTree = "<group>";
		};
/* End PBXGroup section */

/* Begin PBXNativeTarget section */
		CA97453729EAE52F00C193D2 /* Piazza */ = {
			isa = PBXNativeTarget;
			buildConfigurationList = CA97456229EAE53100C193D2 /* Build configuration list for PBXNativeTarget "Piazza" */;
			buildPhases = (
				CA97453429EAE52F00C193D2 /* Sources */,
				CA97453529EAE52F00C193D2 /* Frameworks */,
				CA97453629EAE52F00C193D2 /* Resources */,
				CA180F7729F7A767002588AF /* ShellScript */,
			);
			buildRules = (
			);
			dependencies = (
			);
			name = Piazza;
			packageProductDependencies = (
				CA2BD12E29EAE61F00CC9E5B /* Turbo */,
			);
			productName = Piazza;
			productReference = CA97453829EAE52F00C193D2 /* Piazza.app */;
			productType = "com.apple.product-type.application";
		};
		CA97454D29EAE53100C193D2 /* PiazzaTests */ = {
			isa = PBXNativeTarget;
			buildConfigurationList = CA97456529EAE53100C193D2 /* Build configuration list for PBXNativeTarget "PiazzaTests" */;
			buildPhases = (
				CA97454A29EAE53100C193D2 /* Sources */,
				CA97454B29EAE53100C193D2 /* Frameworks */,
				CA97454C29EAE53100C193D2 /* Resources */,
			);
			buildRules = (
			);
			dependencies = (
				CA97455029EAE53100C193D2 /* PBXTargetDependency */,
			);
			name = PiazzaTests;
			productName = PiazzaTests;
			productReference = CA97454E29EAE53100C193D2 /* PiazzaTests.xctest */;
			productType = "com.apple.product-type.bundle.unit-test";
		};
		CA97455729EAE53100C193D2 /* PiazzaUITests */ = {
			isa = PBXNativeTarget;
			buildConfigurationList = CA97456829EAE53100C193D2 /* Build configuration list for PBXNativeTarget "PiazzaUITests" */;
			buildPhases = (
				CA97455429EAE53100C193D2 /* Sources */,
				CA97455529EAE53100C193D2 /* Frameworks */,
				CA97455629EAE53100C193D2 /* Resources */,
			);
			buildRules = (
			);
			dependencies = (
				CA97455A29EAE53100C193D2 /* PBXTargetDependency */,
			);
			name = PiazzaUITests;
			productName = PiazzaUITests;
			productReference = CA97455829EAE53100C193D2 /* PiazzaUITests.xctest */;
			productType = "com.apple.product-type.bundle.ui-testing";
		};
/* End PBXNativeTarget section */

/* Begin PBXProject section */
		CA97453029EAE52F00C193D2 /* Project object */ = {
			isa = PBXProject;
			attributes = {
				BuildIndependentTargetsInParallel = 1;
				LastSwiftUpdateCheck = 1420;
				LastUpgradeCheck = 1420;
				TargetAttributes = {
					CA97453729EAE52F00C193D2 = {
						CreatedOnToolsVersion = 14.2;
					};
					CA97454D29EAE53100C193D2 = {
						CreatedOnToolsVersion = 14.2;
						TestTargetID = CA97453729EAE52F00C193D2;
					};
					CA97455729EAE53100C193D2 = {
						CreatedOnToolsVersion = 14.2;
						TestTargetID = CA97453729EAE52F00C193D2;
					};
				};
			};
			buildConfigurationList = CA97453329EAE52F00C193D2 /* Build configuration list for PBXProject "Piazza" */;
			compatibilityVersion = "Xcode 14.0";
			developmentRegion = en;
			hasScannedForEncodings = 0;
			knownRegions = (
				en,
				Base,
			);
			mainGroup = CA97452F29EAE52F00C193D2;
			packageReferences = (
				CA2BD12D29EAE61F00CC9E5B /* XCRemoteSwiftPackageReference "turbo-ios" */,
			);
			productRefGroup = CA97453929EAE52F00C193D2 /* Products */;
			projectDirPath = "";
			projectRoot = "";
			targets = (
				CA97453729EAE52F00C193D2 /* Piazza */,
				CA97454D29EAE53100C193D2 /* PiazzaTests */,
				CA97455729EAE53100C193D2 /* PiazzaUITests */,
			);
		};
/* End PBXProject section */

/* Begin PBXResourcesBuildPhase section */
		CA97453629EAE52F00C193D2 /* Resources */ = {
			isa = PBXResourcesBuildPhase;
			buildActionMask = 2147483647;
			files = (
				CA97454829EAE53000C193D2 /* LaunchScreen.storyboard in Resources */,
				CA9F2F4729F8E4E900F2F331 /* Localizable.strings in Resources */,
				CA97454529EAE53000C193D2 /* Assets.xcassets in Resources */,
				CA9F2F4D29F8E6D400F2F331 /* path_configuration.json in Resources */,
			);
			runOnlyForDeploymentPostprocessing = 0;
		};
		CA97454C29EAE53100C193D2 /* Resources */ = {
			isa = PBXResourcesBuildPhase;
			buildActionMask = 2147483647;
			files = (
			);
			runOnlyForDeploymentPostprocessing = 0;
		};
		CA97455629EAE53100C193D2 /* Resources */ = {
			isa = PBXResourcesBuildPhase;
			buildActionMask = 2147483647;
			files = (
			);
			runOnlyForDeploymentPostprocessing = 0;
		};
/* End PBXResourcesBuildPhase section */

/* Begin PBXShellScriptBuildPhase section */
		CA180F7729F7A767002588AF /* ShellScript */ = {
			isa = PBXShellScriptBuildPhase;
			buildActionMask = 2147483647;
			files = (
			);
			inputFileListPaths = (
			);
			inputPaths = (
			);
			outputFileListPaths = (
			);
			outputPaths = (
			);
			runOnlyForDeploymentPostprocessing = 0;
			shellPath = /bin/sh;
			shellScript = "# Type a script or drag a script file from your workspace to insert its path.\nINFO_PLIST=\"${TARGET_BUILD_DIR}/${INFOPLIST_PATH}\"\nPLISTBUDDY=\"/usr/libexec/PlistBuddy\"\n\nif [ \"${CONFIGURATION}\" == \"Debug\" ]; then\n    $PLISTBUDDY -c \"Add :NSAppTransportSecurity dict\" \"${INFO_PLIST}\" || true\n    $PLISTBUDDY -c \"Add :NSAppTransportSecurity:NSAllowsArbitraryLoads bool true\" \"${INFO_PLIST}\" || true\n    $PLISTBUDDY -c \"Set :NSAppTransportSecurity:NSAllowsArbitraryLoads true\"\n        \"${INFO_PLIST}\"\nelse\n    $PLISTBUDDY -c \"Delete :NSAppTransportSecurity:NSAllowsArbitraryLoads\" \"${INFO_PLIST}\" || true\nfi\n\nALLOWS_ARBITRARY_LOADS_ENABLED=$($PLISTBUDDY -c \"Print :NSAppTransportSecurity:NSAllowsArbitraryLoads\" \"${INFO_PLIST}\")\nif [ \"${ALLOWS_ARBITRARY_LOADS_ENABLED}\" == \"true\" ]; then\n  echo \"warning: ATS is disabled. :NSAppTransportSecurity:NSAllowsArbitraryLoads set to true. This is insecure and should not be used in release builds.\"\nfi\n";
		};
/* End PBXShellScriptBuildPhase section */

/* Begin PBXSourcesBuildPhase section */
		CA97453429EAE52F00C193D2 /* Sources */ = {
			isa = PBXSourcesBuildPhase;
			buildActionMask = 2147483647;
			files = (
				CA180F7929F8D8BE002588AF /* Api.swift in Sources */,
				CA9F2F5329F8EA9C00F2F331 /* RoutingController.swift in Sources */,
				CA9F2F5B29FA1C9D00F2F331 /* ViewControllerVendor.swift in Sources */,
				CA97453C29EAE52F00C193D2 /* AppDelegate.swift in Sources */,
				CA9F2F4F29F8E71C00F2F331 /* Global.swift in Sources */,
				CA9F2F5D29FA382D00F2F331 /* PathDirectable.swift in Sources */,
				CA180F7B29F8DD3B002588AF /* RootViewController.swift in Sources */,
				CA97453E29EAE52F00C193D2 /* SceneDelegate.swift in Sources */,
				CA9F2F4B29F8E5D400F2F331 /* BaseNavigationController.swift in Sources */,
				CA9F2F5729F8EBEA00F2F331 /* WebViewController.swift in Sources */,
			);
			runOnlyForDeploymentPostprocessing = 0;
		};
		CA97454A29EAE53100C193D2 /* Sources */ = {
			isa = PBXSourcesBuildPhase;
			buildActionMask = 2147483647;
			files = (
				CA97455329EAE53100C193D2 /* PiazzaTests.swift in Sources */,
			);
			runOnlyForDeploymentPostprocessing = 0;
		};
		CA97455429EAE53100C193D2 /* Sources */ = {
			isa = PBXSourcesBuildPhase;
			buildActionMask = 2147483647;
			files = (
				CA97455D29EAE53100C193D2 /* PiazzaUITests.swift in Sources */,
				CA97455F29EAE53100C193D2 /* PiazzaUITestsLaunchTests.swift in Sources */,
			);
			runOnlyForDeploymentPostprocessing = 0;
		};
/* End PBXSourcesBuildPhase section */

/* Begin PBXTargetDependency section */
		CA97455029EAE53100C193D2 /* PBXTargetDependency */ = {
			isa = PBXTargetDependency;
			target = CA97453729EAE52F00C193D2 /* Piazza */;
			targetProxy = CA97454F29EAE53100C193D2 /* PBXContainerItemProxy */;
		};
		CA97455A29EAE53100C193D2 /* PBXTargetDependency */ = {
			isa = PBXTargetDependency;
			target = CA97453729EAE52F00C193D2 /* Piazza */;
			targetProxy = CA97455929EAE53100C193D2 /* PBXContainerItemProxy */;
		};
/* End PBXTargetDependency section */

/* Begin PBXVariantGroup section */
		CA97454629EAE53000C193D2 /* LaunchScreen.storyboard */ = {
			isa = PBXVariantGroup;
			children = (
				CA97454729EAE53000C193D2 /* Base */,
			);
			name = LaunchScreen.storyboard;
			sourceTree = "<group>";
		};
		CA9F2F4929F8E4E900F2F331 /* Localizable.strings */ = {
			isa = PBXVariantGroup;
			children = (
				CA9F2F4829F8E4E900F2F331 /* en */,
			);
			name = Localizable.strings;
			sourceTree = "<group>";
		};
/* End PBXVariantGroup section */

/* Begin XCBuildConfiguration section */
		CA97456029EAE53100C193D2 /* Debug */ = {
			isa = XCBuildConfiguration;
			buildSettings = {
				ALWAYS_SEARCH_USER_PATHS = NO;
				CLANG_ANALYZER_NONNULL = YES;
				CLANG_ANALYZER_NUMBER_OBJECT_CONVERSION = YES_AGGRESSIVE;
				CLANG_CXX_LANGUAGE_STANDARD = "gnu++20";
				CLANG_ENABLE_MODULES = YES;
				CLANG_ENABLE_OBJC_ARC = YES;
				CLANG_ENABLE_OBJC_WEAK = YES;
				CLANG_WARN_BLOCK_CAPTURE_AUTORELEASING = YES;
				CLANG_WARN_BOOL_CONVERSION = YES;
				CLANG_WARN_COMMA = YES;
				CLANG_WARN_CONSTANT_CONVERSION = YES;
				CLANG_WARN_DEPRECATED_OBJC_IMPLEMENTATIONS = YES;
				CLANG_WARN_DIRECT_OBJC_ISA_USAGE = YES_ERROR;
				CLANG_WARN_DOCUMENTATION_COMMENTS = YES;
				CLANG_WARN_EMPTY_BODY = YES;
				CLANG_WARN_ENUM_CONVERSION = YES;
				CLANG_WARN_INFINITE_RECURSION = YES;
				CLANG_WARN_INT_CONVERSION = YES;
				CLANG_WARN_NON_LITERAL_NULL_CONVERSION = YES;
				CLANG_WARN_OBJC_IMPLICIT_RETAIN_SELF = YES;
				CLANG_WARN_OBJC_LITERAL_CONVERSION = YES;
				CLANG_WARN_OBJC_ROOT_CLASS = YES_ERROR;
				CLANG_WARN_QUOTED_INCLUDE_IN_FRAMEWORK_HEADER = YES;
				CLANG_WARN_RANGE_LOOP_ANALYSIS = YES;
				CLANG_WARN_STRICT_PROTOTYPES = YES;
				CLANG_WARN_SUSPICIOUS_MOVE = YES;
				CLANG_WARN_UNGUARDED_AVAILABILITY = YES_AGGRESSIVE;
				CLANG_WARN_UNREACHABLE_CODE = YES;
				CLANG_WARN__DUPLICATE_METHOD_MATCH = YES;
				COPY_PHASE_STRIP = NO;
				DEBUG_INFORMATION_FORMAT = dwarf;
				ENABLE_STRICT_OBJC_MSGSEND = YES;
				ENABLE_TESTABILITY = YES;
				GCC_C_LANGUAGE_STANDARD = gnu11;
				GCC_DYNAMIC_NO_PIC = NO;
				GCC_NO_COMMON_BLOCKS = YES;
				GCC_OPTIMIZATION_LEVEL = 0;
				GCC_PREPROCESSOR_DEFINITIONS = (
					"DEBUG=1",
					"$(inherited)",
				);
				GCC_WARN_64_TO_32_BIT_CONVERSION = YES;
				GCC_WARN_ABOUT_RETURN_TYPE = YES_ERROR;
				GCC_WARN_UNDECLARED_SELECTOR = YES;
				GCC_WARN_UNINITIALIZED_AUTOS = YES_AGGRESSIVE;
				GCC_WARN_UNUSED_FUNCTION = YES;
				GCC_WARN_UNUSED_VARIABLE = YES;
				IPHONEOS_DEPLOYMENT_TARGET = 16.2;
				MTL_ENABLE_DEBUG_INFO = INCLUDE_SOURCE;
				MTL_FAST_MATH = YES;
				ONLY_ACTIVE_ARCH = YES;
				SDKROOT = iphoneos;
				SWIFT_ACTIVE_COMPILATION_CONDITIONS = DEBUG;
				SWIFT_OPTIMIZATION_LEVEL = "-Onone";
			};
			name = Debug;
		};
		CA97456129EAE53100C193D2 /* Release */ = {
			isa = XCBuildConfiguration;
			buildSettings = {
				ALWAYS_SEARCH_USER_PATHS = NO;
				CLANG_ANALYZER_NONNULL = YES;
				CLANG_ANALYZER_NUMBER_OBJECT_CONVERSION = YES_AGGRESSIVE;
				CLANG_CXX_LANGUAGE_STANDARD = "gnu++20";
				CLANG_ENABLE_MODULES = YES;
				CLANG_ENABLE_OBJC_ARC = YES;
				CLANG_ENABLE_OBJC_WEAK = YES;
				CLANG_WARN_BLOCK_CAPTURE_AUTORELEASING = YES;
				CLANG_WARN_BOOL_CONVERSION = YES;
				CLANG_WARN_COMMA = YES;
				CLANG_WARN_CONSTANT_CONVERSION = YES;
				CLANG_WARN_DEPRECATED_OBJC_IMPLEMENTATIONS = YES;
				CLANG_WARN_DIRECT_OBJC_ISA_USAGE = YES_ERROR;
				CLANG_WARN_DOCUMENTATION_COMMENTS = YES;
				CLANG_WARN_EMPTY_BODY = YES;
				CLANG_WARN_ENUM_CONVERSION = YES;
				CLANG_WARN_INFINITE_RECURSION = YES;
				CLANG_WARN_INT_CONVERSION = YES;
				CLANG_WARN_NON_LITERAL_NULL_CONVERSION = YES;
				CLANG_WARN_OBJC_IMPLICIT_RETAIN_SELF = YES;
				CLANG_WARN_OBJC_LITERAL_CONVERSION = YES;
				CLANG_WARN_OBJC_ROOT_CLASS = YES_ERROR;
				CLANG_WARN_QUOTED_INCLUDE_IN_FRAMEWORK_HEADER = YES;
				CLANG_WARN_RANGE_LOOP_ANALYSIS = YES;
				CLANG_WARN_STRICT_PROTOTYPES = YES;
				CLANG_WARN_SUSPICIOUS_MOVE = YES;
				CLANG_WARN_UNGUARDED_AVAILABILITY = YES_AGGRESSIVE;
				CLANG_WARN_UNREACHABLE_CODE = YES;
				CLANG_WARN__DUPLICATE_METHOD_MATCH = YES;
				COPY_PHASE_STRIP = NO;
				DEBUG_INFORMATION_FORMAT = "dwarf-with-dsym";
				ENABLE_NS_ASSERTIONS = NO;
				ENABLE_STRICT_OBJC_MSGSEND = YES;
				GCC_C_LANGUAGE_STANDARD = gnu11;
				GCC_NO_COMMON_BLOCKS = YES;
				GCC_WARN_64_TO_32_BIT_CONVERSION = YES;
				GCC_WARN_ABOUT_RETURN_TYPE = YES_ERROR;
				GCC_WARN_UNDECLARED_SELECTOR = YES;
				GCC_WARN_UNINITIALIZED_AUTOS = YES_AGGRESSIVE;
				GCC_WARN_UNUSED_FUNCTION = YES;
				GCC_WARN_UNUSED_VARIABLE = YES;
				IPHONEOS_DEPLOYMENT_TARGET = 16.2;
				MTL_ENABLE_DEBUG_INFO = NO;
				MTL_FAST_MATH = YES;
				SDKROOT = iphoneos;
				SWIFT_COMPILATION_MODE = wholemodule;
				SWIFT_OPTIMIZATION_LEVEL = "-O";
				VALIDATE_PRODUCT = YES;
			};
			name = Release;
		};
		CA97456329EAE53100C193D2 /* Debug */ = {
			isa = XCBuildConfiguration;
			buildSettings = {
				ASSETCATALOG_COMPILER_APPICON_NAME = AppIcon;
				ASSETCATALOG_COMPILER_GLOBAL_ACCENT_COLOR_NAME = AccentColor;
				CODE_SIGN_STYLE = Automatic;
				CURRENT_PROJECT_VERSION = 1;
				GENERATE_INFOPLIST_FILE = YES;
				INFOPLIST_FILE = Piazza/Info.plist;
				INFOPLIST_KEY_UIApplicationSupportsIndirectInputEvents = YES;
				INFOPLIST_KEY_UILaunchStoryboardName = LaunchScreen;
				INFOPLIST_KEY_UIMainStoryboardFile = "";
				INFOPLIST_KEY_UISupportedInterfaceOrientations_iPad = "UIInterfaceOrientationPortrait UIInterfaceOrientationPortraitUpsideDown UIInterfaceOrientationLandscapeLeft UIInterfaceOrientationLandscapeRight";
				INFOPLIST_KEY_UISupportedInterfaceOrientations_iPhone = "UIInterfaceOrientationPortrait UIInterfaceOrientationLandscapeLeft UIInterfaceOrientationLandscapeRight";
				LD_RUNPATH_SEARCH_PATHS = (
					"$(inherited)",
					"@executable_path/Frameworks",
				);
				MARKETING_VERSION = 1.0;
				PRODUCT_BUNDLE_IDENTIFIER = com.przbadu.Piazza;
				PRODUCT_NAME = "$(TARGET_NAME)";
				SWIFT_EMIT_LOC_STRINGS = YES;
				SWIFT_VERSION = 5.0;
				TARGETED_DEVICE_FAMILY = "1,2";
			};
			name = Debug;
		};
		CA97456429EAE53100C193D2 /* Release */ = {
			isa = XCBuildConfiguration;
			buildSettings = {
				ASSETCATALOG_COMPILER_APPICON_NAME = AppIcon;
				ASSETCATALOG_COMPILER_GLOBAL_ACCENT_COLOR_NAME = AccentColor;
				CODE_SIGN_STYLE = Automatic;
				CURRENT_PROJECT_VERSION = 1;
				GENERATE_INFOPLIST_FILE = YES;
				INFOPLIST_FILE = Piazza/Info.plist;
				INFOPLIST_KEY_UIApplicationSupportsIndirectInputEvents = YES;
				INFOPLIST_KEY_UILaunchStoryboardName = LaunchScreen;
				INFOPLIST_KEY_UIMainStoryboardFile = "";
				INFOPLIST_KEY_UISupportedInterfaceOrientations_iPad = "UIInterfaceOrientationPortrait UIInterfaceOrientationPortraitUpsideDown UIInterfaceOrientationLandscapeLeft UIInterfaceOrientationLandscapeRight";
				INFOPLIST_KEY_UISupportedInterfaceOrientations_iPhone = "UIInterfaceOrientationPortrait UIInterfaceOrientationLandscapeLeft UIInterfaceOrientationLandscapeRight";
				LD_RUNPATH_SEARCH_PATHS = (
					"$(inherited)",
					"@executable_path/Frameworks",
				);
				MARKETING_VERSION = 1.0;
				PRODUCT_BUNDLE_IDENTIFIER = com.przbadu.Piazza;
				PRODUCT_NAME = "$(TARGET_NAME)";
				SWIFT_EMIT_LOC_STRINGS = YES;
				SWIFT_VERSION = 5.0;
				TARGETED_DEVICE_FAMILY = "1,2";
			};
			name = Release;
		};
		CA97456629EAE53100C193D2 /* Debug */ = {
			isa = XCBuildConfiguration;
			buildSettings = {
				ALWAYS_EMBED_SWIFT_STANDARD_LIBRARIES = YES;
				BUNDLE_LOADER = "$(TEST_HOST)";
				CODE_SIGN_STYLE = Automatic;
				CURRENT_PROJECT_VERSION = 1;
				GENERATE_INFOPLIST_FILE = YES;
				IPHONEOS_DEPLOYMENT_TARGET = 16.2;
				MARKETING_VERSION = 1.0;
				PRODUCT_BUNDLE_IDENTIFIER = com.przbadu.PiazzaTests;
				PRODUCT_NAME = "$(TARGET_NAME)";
				SWIFT_EMIT_LOC_STRINGS = NO;
				SWIFT_VERSION = 5.0;
				TARGETED_DEVICE_FAMILY = "1,2";
				TEST_HOST = "$(BUILT_PRODUCTS_DIR)/Piazza.app/$(BUNDLE_EXECUTABLE_FOLDER_PATH)/Piazza";
			};
			name = Debug;
		};
		CA97456729EAE53100C193D2 /* Release */ = {
			isa = XCBuildConfiguration;
			buildSettings = {
				ALWAYS_EMBED_SWIFT_STANDARD_LIBRARIES = YES;
				BUNDLE_LOADER = "$(TEST_HOST)";
				CODE_SIGN_STYLE = Automatic;
				CURRENT_PROJECT_VERSION = 1;
				GENERATE_INFOPLIST_FILE = YES;
				IPHONEOS_DEPLOYMENT_TARGET = 16.2;
				MARKETING_VERSION = 1.0;
				PRODUCT_BUNDLE_IDENTIFIER = com.przbadu.PiazzaTests;
				PRODUCT_NAME = "$(TARGET_NAME)";
				SWIFT_EMIT_LOC_STRINGS = NO;
				SWIFT_VERSION = 5.0;
				TARGETED_DEVICE_FAMILY = "1,2";
				TEST_HOST = "$(BUILT_PRODUCTS_DIR)/Piazza.app/$(BUNDLE_EXECUTABLE_FOLDER_PATH)/Piazza";
			};
			name = Release;
		};
		CA97456929EAE53100C193D2 /* Debug */ = {
			isa = XCBuildConfiguration;
			buildSettings = {
				ALWAYS_EMBED_SWIFT_STANDARD_LIBRARIES = YES;
				CODE_SIGN_STYLE = Automatic;
				CURRENT_PROJECT_VERSION = 1;
				GENERATE_INFOPLIST_FILE = YES;
				MARKETING_VERSION = 1.0;
				PRODUCT_BUNDLE_IDENTIFIER = com.przbadu.PiazzaUITests;
				PRODUCT_NAME = "$(TARGET_NAME)";
				SWIFT_EMIT_LOC_STRINGS = NO;
				SWIFT_VERSION = 5.0;
				TARGETED_DEVICE_FAMILY = "1,2";
				TEST_TARGET_NAME = Piazza;
			};
			name = Debug;
		};
		CA97456A29EAE53100C193D2 /* Release */ = {
			isa = XCBuildConfiguration;
			buildSettings = {
				ALWAYS_EMBED_SWIFT_STANDARD_LIBRARIES = YES;
				CODE_SIGN_STYLE = Automatic;
				CURRENT_PROJECT_VERSION = 1;
				GENERATE_INFOPLIST_FILE = YES;
				MARKETING_VERSION = 1.0;
				PRODUCT_BUNDLE_IDENTIFIER = com.przbadu.PiazzaUITests;
				PRODUCT_NAME = "$(TARGET_NAME)";
				SWIFT_EMIT_LOC_STRINGS = NO;
				SWIFT_VERSION = 5.0;
				TARGETED_DEVICE_FAMILY = "1,2";
				TEST_TARGET_NAME = Piazza;
			};
			name = Release;
		};
/* End XCBuildConfiguration section */

/* Begin XCConfigurationList section */
		CA97453329EAE52F00C193D2 /* Build configuration list for PBXProject "Piazza" */ = {
			isa = XCConfigurationList;
			buildConfigurations = (
				CA97456029EAE53100C193D2 /* Debug */,
				CA97456129EAE53100C193D2 /* Release */,
			);
			defaultConfigurationIsVisible = 0;
			defaultConfigurationName = Release;
		};
		CA97456229EAE53100C193D2 /* Build configuration list for PBXNativeTarget "Piazza" */ = {
			isa = XCConfigurationList;
			buildConfigurations = (
				CA97456329EAE53100C193D2 /* Debug */,
				CA97456429EAE53100C193D2 /* Release */,
			);
			defaultConfigurationIsVisible = 0;
			defaultConfigurationName = Release;
		};
		CA97456529EAE53100C193D2 /* Build configuration list for PBXNativeTarget "PiazzaTests" */ = {
			isa = XCConfigurationList;
			buildConfigurations = (
				CA97456629EAE53100C193D2 /* Debug */,
				CA97456729EAE53100C193D2 /* Release */,
			);
			defaultConfigurationIsVisible = 0;
			defaultConfigurationName = Release;
		};
		CA97456829EAE53100C193D2 /* Build configuration list for PBXNativeTarget "PiazzaUITests" */ = {
			isa = XCConfigurationList;
			buildConfigurations = (
				CA97456929EAE53100C193D2 /* Debug */,
				CA97456A29EAE53100C193D2 /* Release */,
			);
			defaultConfigurationIsVisible = 0;
			defaultConfigurationName = Release;
		};
/* End XCConfigurationList section */

/* Begin XCRemoteSwiftPackageReference section */
		CA2BD12D29EAE61F00CC9E5B /* XCRemoteSwiftPackageReference "turbo-ios" */ = {
			isa = XCRemoteSwiftPackageReference;
			repositoryURL = "https://github.com/hotwired/turbo-ios";
			requirement = {
				kind = upToNextMajorVersion;
				minimumVersion = "7.0.0-rc.7";
			};
		};
/* End XCRemoteSwiftPackageReference section */

/* Begin XCSwiftPackageProductDependency section */
		CA2BD12E29EAE61F00CC9E5B /* Turbo */ = {
			isa = XCSwiftPackageProductDependency;
			package = CA2BD12D29EAE61F00CC9E5B /* XCRemoteSwiftPackageReference "turbo-ios" */;
			productName = Turbo;
		};
/* End XCSwiftPackageProductDependency section */
	};
	rootObject = CA97453029EAE52F00C193D2 /* Project object */;
}
